
Microsoft Visual Studio Solution File, Format Version 12.00
# Visual Studio 15
VisualStudioVersion = 15.0.26430.15
MinimumVisualStudioVersion = 10.0.40219.1
Project("{FAE04EC0-301F-11D3-BF4B-00C04F79EFBC}") = "Hayaa.ProgrameSeed", "Hayaa.ProgrameSeed\Hayaa.ProgrameSeed.csproj", "{47EDD2BA-694C-472A-AEC8-BC1FCF429334}"
EndProject
Project("{2150E333-8FDC-42A3-9474-1A3956D46DE8}") = "Server", "Server", "{CFFB43E7-448B-4171-B74C-4B47F43FFF53}"
EndProject
Project("{2150E333-8FDC-42A3-9474-1A3956D46DE8}") = "Client", "Client", "{8208DC7C-733D-4074-81B5-63A7134D7F91}"
EndProject
Project("{2150E333-8FDC-42A3-9474-1A3956D46DE8}") = "WebSite", "WebSite", "{30AD115E-E276-4DC3-A328-156539A0E75D}"
EndProject
Project("{9A19103F-16F7-4668-BE54-9A1E7A4F7556}") = "Hayaa.ProgrameSeed_Standard", "Hayaa.ProgrameSeed_Standard\Hayaa.ProgrameSeed_Standard.csproj", "{A4C800C0-A357-4E1B-B2D7-D2F44C78B94A}"
EndProject
Project("{FAE04EC0-301F-11D3-BF4B-00C04F79EFBC}") = "Hayaa.ISeedService", "Hayaa.ISeedService\Hayaa.ISeedService.csproj", "{5F86828F-E07C-420F-A103-7AEC10A0CF81}"
EndProject
Project("{FAE04EC0-301F-11D3-BF4B-00C04F79EFBC}") = "Hayaa.SeedService", "Hayaa.SeedService\Hayaa.SeedService.csproj", "{E46F446C-F635-47C1-811E-6E44D2F460C7}"
EndProject
Project("{FAE04EC0-301F-11D3-BF4B-00C04F79EFBC}") = "Hayaa.SeedService.Web", "Hayaa.SeedService.Web\Hayaa.SeedService.Web.csproj", "{07BAF0E7-D9EC-4E46-A9A7-F3FB25DA57E4}"
EndProject
Global
	GlobalSection(SolutionConfigurationPlatforms) = preSolution
		Debug|Any CPU = Debug|Any CPU
		Release|Any CPU = Release|Any CPU
	EndGlobalSection
	GlobalSection(ProjectConfigurationPlatforms) = postSolution
		{47EDD2BA-694C-472A-AEC8-BC1FCF429334}.Debug|Any CPU.ActiveCfg = Debug|Any CPU
		{47EDD2BA-694C-472A-AEC8-BC1FCF429334}.Debug|Any CPU.Build.0 = Debug|Any CPU
		{47EDD2BA-694C-472A-AEC8-BC1FCF429334}.Release|Any CPU.ActiveCfg = Release|Any CPU
		{47EDD2BA-694C-472A-AEC8-BC1FCF429334}.Release|Any CPU.Build.0 = Release|Any CPU
		{A4C800C0-A357-4E1B-B2D7-D2F44C78B94A}.Debug|Any CPU.ActiveCfg = Debug|Any CPU
		{A4C800C0-A357-4E1B-B2D7-D2F44C78B94A}.Debug|Any CPU.Build.0 = Debug|Any CPU
		{A4C800C0-A357-4E1B-B2D7-D2F44C78B94A}.Release|Any CPU.ActiveCfg = Release|Any CPU
		{A4C800C0-A357-4E1B-B2D7-D2F44C78B94A}.Release|Any CPU.Build.0 = Release|Any CPU
		{5F86828F-E07C-420F-A103-7AEC10A0CF81}.Debug|Any CPU.ActiveCfg = Debug|Any CPU
		{5F86828F-E07C-420F-A103-7AEC10A0CF81}.Debug|Any CPU.Build.0 = Debug|Any CPU
		{5F86828F-E07C-420F-A103-7AEC10A0CF81}.Release|Any CPU.ActiveCfg = Release|Any CPU
		{5F86828F-E07C-420F-A103-7AEC10A0CF81}.Release|Any CPU.Build.0 = Release|Any CPU
		{E46F446C-F635-47C1-811E-6E44D2F460C7}.Debug|Any CPU.ActiveCfg = Debug|Any CPU
		{E46F446C-F635-47C1-811E-6E44D2F460C7}.Debug|Any CPU.Build.0 = Debug|Any CPU
		{E46F446C-F635-47C1-811E-6E44D2F460C7}.Release|Any CPU.ActiveCfg = Release|Any CPU
		{E46F446C-F635-47C1-811E-6E44D2F460C7}.Release|Any CPU.Build.0 = Release|Any CPU
		{07BAF0E7-D9EC-4E46-A9A7-F3FB25DA57E4}.Debug|Any CPU.ActiveCfg = Debug|Any CPU
		{07BAF0E7-D9EC-4E46-A9A7-F3FB25DA57E4}.Debug|Any CPU.Build.0 = Debug|Any CPU
		{07BAF0E7-D9EC-4E46-A9A7-F3FB25DA57E4}.Release|Any CPU.ActiveCfg = Release|Any CPU
		{07BAF0E7-D9EC-4E46-A9A7-F3FB25DA57E4}.Release|Any CPU.Build.0 = Release|Any CPU
	EndGlobalSection
	GlobalSection(SolutionProperties) = preSolution
		HideSolutionNode = FALSE
	EndGlobalSection
	GlobalSection(NestedProjects) = preSolution
		{47EDD2BA-694C-472A-AEC8-BC1FCF429334} = {8208DC7C-733D-4074-81B5-63A7134D7F91}
		{A4C800C0-A357-4E1B-B2D7-D2F44C78B94A} = {8208DC7C-733D-4074-81B5-63A7134D7F91}
		{5F86828F-E07C-420F-A103-7AEC10A0CF81} = {CFFB43E7-448B-4171-B74C-4B47F43FFF53}
		{E46F446C-F635-47C1-811E-6E44D2F460C7} = {CFFB43E7-448B-4171-B74C-4B47F43FFF53}
		{07BAF0E7-D9EC-4E46-A9A7-F3FB25DA57E4} = {30AD115E-E276-4DC3-A328-156539A0E75D}
	EndGlobalSection
EndGlobal
