
Microsoft Visual Studio Solution File, Format Version 12.00
# Visual Studio 15
VisualStudioVersion = 15.0.26430.15
MinimumVisualStudioVersion = 10.0.40219.1
Project("{FAE04EC0-301F-11D3-BF4B-00C04F79EFBC}") = "Hayaa.ProgrameSeed", "Hayaa.ProgrameSeed\Hayaa.ProgrameSeed.csproj", "{47EDD2BA-694C-472A-AEC8-BC1FCF429334}"
EndProject
Project("{2150E333-8FDC-42A3-9474-1A3956D46DE8}") = "Server", "Server", "{CFFB43E7-448B-4171-B74C-4B47F43FFF53}"
EndProject
Project("{2150E333-8FDC-42A3-9474-1A3956D46DE8}") = "Client", "Client", "{8208DC7C-733D-4074-81B5-63A7134D7F91}"
EndProject
Project("{FAE04EC0-301F-11D3-BF4B-00C04F79EFBC}") = "Hayaa.ISeedService", "Hayaa.ISeedService\Hayaa.ISeedService.csproj", "{E0B7EABA-5A50-4A94-AFB4-48DFF718EA0C}"
EndProject
Project("{FAE04EC0-301F-11D3-BF4B-00C04F79EFBC}") = "Hayaa.SeedService", "Hayaa.SeedService\Hayaa.SeedService.csproj", "{B5398889-BB90-4821-96C7-3019D0B226CD}"
EndProject
Project("{2150E333-8FDC-42A3-9474-1A3956D46DE8}") = "WebSite", "WebSite", "{30AD115E-E276-4DC3-A328-156539A0E75D}"
EndProject
Project("{FAE04EC0-301F-11D3-BF4B-00C04F79EFBC}") = "Hayaa.ProgrameSeed_Standard", "Hayaa.ProgrameSeed_Standard\Hayaa.ProgrameSeed_Standard.csproj", "{A4C800C0-A357-4E1B-B2D7-D2F44C78B94A}"
EndProject
Global
	GlobalSection(SolutionConfigurationPlatforms) = preSolution
		Debug|Any CPU = Debug|Any CPU
		Release|Any CPU = Release|Any CPU
	EndGlobalSection
	GlobalSection(ProjectConfigurationPlatforms) = postSolution
		{47EDD2BA-694C-472A-AEC8-BC1FCF429334}.Debug|Any CPU.ActiveCfg = Debug|Any CPU
		{47EDD2BA-694C-472A-AEC8-BC1FCF429334}.Debug|Any CPU.Build.0 = Debug|Any CPU
		{47EDD2BA-694C-472A-AEC8-BC1FCF429334}.Release|Any CPU.ActiveCfg = Release|Any CPU
		{47EDD2BA-694C-472A-AEC8-BC1FCF429334}.Release|Any CPU.Build.0 = Release|Any CPU
		{E0B7EABA-5A50-4A94-AFB4-48DFF718EA0C}.Debug|Any CPU.ActiveCfg = Debug|Any CPU
		{E0B7EABA-5A50-4A94-AFB4-48DFF718EA0C}.Debug|Any CPU.Build.0 = Debug|Any CPU
		{E0B7EABA-5A50-4A94-AFB4-48DFF718EA0C}.Release|Any CPU.ActiveCfg = Release|Any CPU
		{E0B7EABA-5A50-4A94-AFB4-48DFF718EA0C}.Release|Any CPU.Build.0 = Release|Any CPU
		{B5398889-BB90-4821-96C7-3019D0B226CD}.Debug|Any CPU.ActiveCfg = Debug|Any CPU
		{B5398889-BB90-4821-96C7-3019D0B226CD}.Debug|Any CPU.Build.0 = Debug|Any CPU
		{B5398889-BB90-4821-96C7-3019D0B226CD}.Release|Any CPU.ActiveCfg = Release|Any CPU
		{B5398889-BB90-4821-96C7-3019D0B226CD}.Release|Any CPU.Build.0 = Release|Any CPU
		{A4C800C0-A357-4E1B-B2D7-D2F44C78B94A}.Debug|Any CPU.ActiveCfg = Debug|Any CPU
		{A4C800C0-A357-4E1B-B2D7-D2F44C78B94A}.Debug|Any CPU.Build.0 = Debug|Any CPU
		{A4C800C0-A357-4E1B-B2D7-D2F44C78B94A}.Release|Any CPU.ActiveCfg = Release|Any CPU
		{A4C800C0-A357-4E1B-B2D7-D2F44C78B94A}.Release|Any CPU.Build.0 = Release|Any CPU
	EndGlobalSection
	GlobalSection(SolutionProperties) = preSolution
		HideSolutionNode = FALSE
	EndGlobalSection
	GlobalSection(NestedProjects) = preSolution
		{47EDD2BA-694C-472A-AEC8-BC1FCF429334} = {8208DC7C-733D-4074-81B5-63A7134D7F91}
		{E0B7EABA-5A50-4A94-AFB4-48DFF718EA0C} = {CFFB43E7-448B-4171-B74C-4B47F43FFF53}
		{B5398889-BB90-4821-96C7-3019D0B226CD} = {CFFB43E7-448B-4171-B74C-4B47F43FFF53}
		{A4C800C0-A357-4E1B-B2D7-D2F44C78B94A} = {8208DC7C-733D-4074-81B5-63A7134D7F91}
	EndGlobalSection
EndGlobal
